
Microsoft Visual Studio Solution File, Format Version 12.00
# Visual Studio Version 17
VisualStudioVersion = 17.0.32014.148
MinimumVisualStudioVersion = 10.0.40219.1
Project("{9A19103F-16F7-4668-BE54-9A1E7A4F7556}") = "DrUalcman", "DrUalcman\DrUalcman.csproj", "{E6D5BE46-E9FB-452F-AFCF-6CCCC84E94D2}"
EndProject
Project("{9A19103F-16F7-4668-BE54-9A1E7A4F7556}") = "dataBases", "dataBases\dataBases.csproj", "{9375697E-61C8-4971-806F-82411612BAD7}"
EndProject
Project("{9A19103F-16F7-4668-BE54-9A1E7A4F7556}") = "basicASP", "basicASP\basicASP.csproj", "{BBE4F1F0-736A-4F68-9AEB-268927B7EFBF}"
EndProject
Project("{9A19103F-16F7-4668-BE54-9A1E7A4F7556}") = "Dependencies", "Dependencies\Dependencies.csproj", "{C057D72B-BB94-4D59-BA98-10C37B98D63E}"
EndProject
Project("{9A19103F-16F7-4668-BE54-9A1E7A4F7556}") = "drualcman.Images", "drualcman.Images\drualcman.Images.csproj", "{A2163B28-86D1-4E8A-AFE1-A0C6A5BB11EF}"
EndProject
Project("{9A19103F-16F7-4668-BE54-9A1E7A4F7556}") = "drualcman.Converters", "drualcman.Converters\drualcman.Converters.csproj", "{1094C6C4-29A4-4F7D-96ED-9B72DFBDFE1B}"
EndProject
Project("{9A19103F-16F7-4668-BE54-9A1E7A4F7556}") = "drualcman.Data", "drualcman.Data\drualcman.Data.csproj", "{2C5F4D4A-0595-4BBA-A1CB-C19B8D58D92E}"
EndProject
Project("{9A19103F-16F7-4668-BE54-9A1E7A4F7556}") = "drualcman.Abstractions", "drualcman.Abstractions\drualcman.Abstractions.csproj", "{5DB238D8-D2E0-4658-81E1-D38F587A674D}"
EndProject
Project("{9A19103F-16F7-4668-BE54-9A1E7A4F7556}") = "drualcman.Objects", "drualcman.Objects\drualcman.Objects.csproj", "{3D317769-06B9-41C8-A84D-DD649025DD57}"
EndProject
Project("{9A19103F-16F7-4668-BE54-9A1E7A4F7556}") = "drualcman.Numbers", "drualcman.Numbers\drualcman.Numbers.csproj", "{B2095ECD-3966-4BEB-9ECC-165B1F5560BD}"
EndProject
Project("{9A19103F-16F7-4668-BE54-9A1E7A4F7556}") = "drualcman.Files", "drualcman.Files\drualcman.Files.csproj", "{CD801A3F-4645-4758-83EC-EB266E8E5276}"
EndProject
Project("{9A19103F-16F7-4668-BE54-9A1E7A4F7556}") = "drualcman.Encriptation", "drualcman.Encriptation\drualcman.Encriptation.csproj", "{FE96155E-E6CC-4A2D-A4D0-ED037E58A816}"
EndProject
Project("{FAE04EC0-301F-11D3-BF4B-00C04F79EFBC}") = "drualcman.Validators", "drualcman.Validators\drualcman.Validators.csproj", "{2603CD00-2613-4EB2-903E-339840F9E27D}"
EndProject
Global
	GlobalSection(SolutionConfigurationPlatforms) = preSolution
		Debug|Any CPU = Debug|Any CPU
		Release|Any CPU = Release|Any CPU
	EndGlobalSection
	GlobalSection(ProjectConfigurationPlatforms) = postSolution
		{E6D5BE46-E9FB-452F-AFCF-6CCCC84E94D2}.Debug|Any CPU.ActiveCfg = Debug|Any CPU
		{E6D5BE46-E9FB-452F-AFCF-6CCCC84E94D2}.Debug|Any CPU.Build.0 = Debug|Any CPU
		{E6D5BE46-E9FB-452F-AFCF-6CCCC84E94D2}.Release|Any CPU.ActiveCfg = Release|Any CPU
		{E6D5BE46-E9FB-452F-AFCF-6CCCC84E94D2}.Release|Any CPU.Build.0 = Release|Any CPU
		{9375697E-61C8-4971-806F-82411612BAD7}.Debug|Any CPU.ActiveCfg = Debug|Any CPU
		{9375697E-61C8-4971-806F-82411612BAD7}.Debug|Any CPU.Build.0 = Debug|Any CPU
		{9375697E-61C8-4971-806F-82411612BAD7}.Release|Any CPU.ActiveCfg = Release|Any CPU
		{9375697E-61C8-4971-806F-82411612BAD7}.Release|Any CPU.Build.0 = Release|Any CPU
		{BBE4F1F0-736A-4F68-9AEB-268927B7EFBF}.Debug|Any CPU.ActiveCfg = Debug|Any CPU
		{BBE4F1F0-736A-4F68-9AEB-268927B7EFBF}.Debug|Any CPU.Build.0 = Debug|Any CPU
		{BBE4F1F0-736A-4F68-9AEB-268927B7EFBF}.Release|Any CPU.ActiveCfg = Release|Any CPU
		{BBE4F1F0-736A-4F68-9AEB-268927B7EFBF}.Release|Any CPU.Build.0 = Release|Any CPU
		{C057D72B-BB94-4D59-BA98-10C37B98D63E}.Debug|Any CPU.ActiveCfg = Debug|Any CPU
		{C057D72B-BB94-4D59-BA98-10C37B98D63E}.Debug|Any CPU.Build.0 = Debug|Any CPU
		{C057D72B-BB94-4D59-BA98-10C37B98D63E}.Release|Any CPU.ActiveCfg = Release|Any CPU
		{C057D72B-BB94-4D59-BA98-10C37B98D63E}.Release|Any CPU.Build.0 = Release|Any CPU
		{A2163B28-86D1-4E8A-AFE1-A0C6A5BB11EF}.Debug|Any CPU.ActiveCfg = Debug|Any CPU
		{A2163B28-86D1-4E8A-AFE1-A0C6A5BB11EF}.Debug|Any CPU.Build.0 = Debug|Any CPU
		{A2163B28-86D1-4E8A-AFE1-A0C6A5BB11EF}.Release|Any CPU.ActiveCfg = Release|Any CPU
		{A2163B28-86D1-4E8A-AFE1-A0C6A5BB11EF}.Release|Any CPU.Build.0 = Release|Any CPU
		{1094C6C4-29A4-4F7D-96ED-9B72DFBDFE1B}.Debug|Any CPU.ActiveCfg = Debug|Any CPU
		{1094C6C4-29A4-4F7D-96ED-9B72DFBDFE1B}.Debug|Any CPU.Build.0 = Debug|Any CPU
		{1094C6C4-29A4-4F7D-96ED-9B72DFBDFE1B}.Release|Any CPU.ActiveCfg = Release|Any CPU
		{1094C6C4-29A4-4F7D-96ED-9B72DFBDFE1B}.Release|Any CPU.Build.0 = Release|Any CPU
		{2C5F4D4A-0595-4BBA-A1CB-C19B8D58D92E}.Debug|Any CPU.ActiveCfg = Debug|Any CPU
		{2C5F4D4A-0595-4BBA-A1CB-C19B8D58D92E}.Debug|Any CPU.Build.0 = Debug|Any CPU
		{2C5F4D4A-0595-4BBA-A1CB-C19B8D58D92E}.Release|Any CPU.ActiveCfg = Release|Any CPU
		{2C5F4D4A-0595-4BBA-A1CB-C19B8D58D92E}.Release|Any CPU.Build.0 = Release|Any CPU
		{5DB238D8-D2E0-4658-81E1-D38F587A674D}.Debug|Any CPU.ActiveCfg = Debug|Any CPU
		{5DB238D8-D2E0-4658-81E1-D38F587A674D}.Debug|Any CPU.Build.0 = Debug|Any CPU
		{5DB238D8-D2E0-4658-81E1-D38F587A674D}.Release|Any CPU.ActiveCfg = Release|Any CPU
		{5DB238D8-D2E0-4658-81E1-D38F587A674D}.Release|Any CPU.Build.0 = Release|Any CPU
		{3D317769-06B9-41C8-A84D-DD649025DD57}.Debug|Any CPU.ActiveCfg = Debug|Any CPU
		{3D317769-06B9-41C8-A84D-DD649025DD57}.Debug|Any CPU.Build.0 = Debug|Any CPU
		{3D317769-06B9-41C8-A84D-DD649025DD57}.Release|Any CPU.ActiveCfg = Release|Any CPU
		{3D317769-06B9-41C8-A84D-DD649025DD57}.Release|Any CPU.Build.0 = Release|Any CPU
		{B2095ECD-3966-4BEB-9ECC-165B1F5560BD}.Debug|Any CPU.ActiveCfg = Debug|Any CPU
		{B2095ECD-3966-4BEB-9ECC-165B1F5560BD}.Debug|Any CPU.Build.0 = Debug|Any CPU
		{B2095ECD-3966-4BEB-9ECC-165B1F5560BD}.Release|Any CPU.ActiveCfg = Release|Any CPU
		{B2095ECD-3966-4BEB-9ECC-165B1F5560BD}.Release|Any CPU.Build.0 = Release|Any CPU
		{CD801A3F-4645-4758-83EC-EB266E8E5276}.Debug|Any CPU.ActiveCfg = Debug|Any CPU
		{CD801A3F-4645-4758-83EC-EB266E8E5276}.Debug|Any CPU.Build.0 = Debug|Any CPU
		{CD801A3F-4645-4758-83EC-EB266E8E5276}.Release|Any CPU.ActiveCfg = Release|Any CPU
		{CD801A3F-4645-4758-83EC-EB266E8E5276}.Release|Any CPU.Build.0 = Release|Any CPU
		{FE96155E-E6CC-4A2D-A4D0-ED037E58A816}.Debug|Any CPU.ActiveCfg = Debug|Any CPU
		{FE96155E-E6CC-4A2D-A4D0-ED037E58A816}.Debug|Any CPU.Build.0 = Debug|Any CPU
		{FE96155E-E6CC-4A2D-A4D0-ED037E58A816}.Release|Any CPU.ActiveCfg = Release|Any CPU
		{FE96155E-E6CC-4A2D-A4D0-ED037E58A816}.Release|Any CPU.Build.0 = Release|Any CPU
		{2603CD00-2613-4EB2-903E-339840F9E27D}.Debug|Any CPU.ActiveCfg = Debug|Any CPU
		{2603CD00-2613-4EB2-903E-339840F9E27D}.Debug|Any CPU.Build.0 = Debug|Any CPU
		{2603CD00-2613-4EB2-903E-339840F9E27D}.Release|Any CPU.ActiveCfg = Release|Any CPU
		{2603CD00-2613-4EB2-903E-339840F9E27D}.Release|Any CPU.Build.0 = Release|Any CPU
	EndGlobalSection
	GlobalSection(SolutionProperties) = preSolution
		HideSolutionNode = FALSE
	EndGlobalSection
	GlobalSection(ExtensibilityGlobals) = postSolution
		SolutionGuid = {9F8220A9-0E54-41B2-A0AA-9BCD9030362D}
	EndGlobalSection
EndGlobal
